
Microsoft Visual Studio Solution File, Format Version 12.00
# Visual Studio Version 16
VisualStudioVersion = 16.0.31402.337
MinimumVisualStudioVersion = 10.0.40219.1
Project("{FAE04EC0-301F-11D3-BF4B-00C04F79EFBC}") = "PeliculasApi", "PeliculasApi\PeliculasApi.csproj", "{CDD4118C-2D90-43FA-BE44-A16381F8C4D2}"
EndProject
Global
	GlobalSection(SolutionConfigurationPlatforms) = preSolution
		Debug|Any CPU = Debug|Any CPU
		Release|Any CPU = Release|Any CPU
	EndGlobalSection
	GlobalSection(ProjectConfigurationPlatforms) = postSolution
		{CDD4118C-2D90-43FA-BE44-A16381F8C4D2}.Debug|Any CPU.ActiveCfg = Debug|Any CPU
		{CDD4118C-2D90-43FA-BE44-A16381F8C4D2}.Debug|Any CPU.Build.0 = Debug|Any CPU
		{CDD4118C-2D90-43FA-BE44-A16381F8C4D2}.Release|Any CPU.ActiveCfg = Release|Any CPU
		{CDD4118C-2D90-43FA-BE44-A16381F8C4D2}.Release|Any CPU.Build.0 = Release|Any CPU
	EndGlobalSection
	GlobalSection(SolutionProperties) = preSolution
		HideSolutionNode = FALSE
	EndGlobalSection
	GlobalSection(ExtensibilityGlobals) = postSolution
		SolutionGuid = {E3C1CF80-EC14-4BB6-90F8-7C7DBD25A86F}
	EndGlobalSection
EndGlobal
